
Microsoft Visual Studio Solution File, Format Version 12.00
# Visual Studio Version 16
VisualStudioVersion = 16.0.30002.166
MinimumVisualStudioVersion = 10.0.40219.1
Project("{FAE04EC0-301F-11D3-BF4B-00C04F79EFBC}") = "AccountOwnerService", "AccountOwnerService\AccountOwnerService.csproj", "{A7D1126D-4859-4BAB-AFC2-F55F049CE5E4}"
EndProject
Project("{FAE04EC0-301F-11D3-BF4B-00C04F79EFBC}") = "Contracts", "Contracts\Contracts.csproj", "{F33F3353-AF0B-417F-B3FE-D0668514EAFD}"
EndProject
Project("{FAE04EC0-301F-11D3-BF4B-00C04F79EFBC}") = "LoggerService", "LoggerService\LoggerService.csproj", "{58061224-BD08-433E-B412-AB8F79F4F4FA}"
EndProject
Project("{FAE04EC0-301F-11D3-BF4B-00C04F79EFBC}") = "Entities", "Entities\Entities.csproj", "{07B4CC30-F566-4778-B894-745F2B3019ED}"
EndProject
Project("{FAE04EC0-301F-11D3-BF4B-00C04F79EFBC}") = "Repository", "Repository\Repository.csproj", "{CA408EEC-0D15-4812-BE75-8ABDB1B8E771}"
EndProject
Global
	GlobalSection(SolutionConfigurationPlatforms) = preSolution
		Debug|Any CPU = Debug|Any CPU
		Release|Any CPU = Release|Any CPU
	EndGlobalSection
	GlobalSection(ProjectConfigurationPlatforms) = postSolution
		{A7D1126D-4859-4BAB-AFC2-F55F049CE5E4}.Debug|Any CPU.ActiveCfg = Debug|Any CPU
		{A7D1126D-4859-4BAB-AFC2-F55F049CE5E4}.Debug|Any CPU.Build.0 = Debug|Any CPU
		{A7D1126D-4859-4BAB-AFC2-F55F049CE5E4}.Release|Any CPU.ActiveCfg = Release|Any CPU
		{A7D1126D-4859-4BAB-AFC2-F55F049CE5E4}.Release|Any CPU.Build.0 = Release|Any CPU
		{F33F3353-AF0B-417F-B3FE-D0668514EAFD}.Debug|Any CPU.ActiveCfg = Debug|Any CPU
		{F33F3353-AF0B-417F-B3FE-D0668514EAFD}.Debug|Any CPU.Build.0 = Debug|Any CPU
		{F33F3353-AF0B-417F-B3FE-D0668514EAFD}.Release|Any CPU.ActiveCfg = Release|Any CPU
		{F33F3353-AF0B-417F-B3FE-D0668514EAFD}.Release|Any CPU.Build.0 = Release|Any CPU
		{58061224-BD08-433E-B412-AB8F79F4F4FA}.Debug|Any CPU.ActiveCfg = Debug|Any CPU
		{58061224-BD08-433E-B412-AB8F79F4F4FA}.Debug|Any CPU.Build.0 = Debug|Any CPU
		{58061224-BD08-433E-B412-AB8F79F4F4FA}.Release|Any CPU.ActiveCfg = Release|Any CPU
		{58061224-BD08-433E-B412-AB8F79F4F4FA}.Release|Any CPU.Build.0 = Release|Any CPU
		{07B4CC30-F566-4778-B894-745F2B3019ED}.Debug|Any CPU.ActiveCfg = Debug|Any CPU
		{07B4CC30-F566-4778-B894-745F2B3019ED}.Debug|Any CPU.Build.0 = Debug|Any CPU
		{07B4CC30-F566-4778-B894-745F2B3019ED}.Release|Any CPU.ActiveCfg = Release|Any CPU
		{07B4CC30-F566-4778-B894-745F2B3019ED}.Release|Any CPU.Build.0 = Release|Any CPU
		{CA408EEC-0D15-4812-BE75-8ABDB1B8E771}.Debug|Any CPU.ActiveCfg = Debug|Any CPU
		{CA408EEC-0D15-4812-BE75-8ABDB1B8E771}.Debug|Any CPU.Build.0 = Debug|Any CPU
		{CA408EEC-0D15-4812-BE75-8ABDB1B8E771}.Release|Any CPU.ActiveCfg = Release|Any CPU
		{CA408EEC-0D15-4812-BE75-8ABDB1B8E771}.Release|Any CPU.Build.0 = Release|Any CPU
	EndGlobalSection
	GlobalSection(SolutionProperties) = preSolution
		HideSolutionNode = FALSE
	EndGlobalSection
	GlobalSection(ExtensibilityGlobals) = postSolution
		SolutionGuid = {BFA697C3-C612-4295-9578-FE213CEA31DE}
	EndGlobalSection
EndGlobal
